
Microsoft Visual Studio Solution File, Format Version 12.00
# Visual Studio Version 16
VisualStudioVersion = 16.0.30413.136
MinimumVisualStudioVersion = 10.0.40219.1
Project("{888888A0-9F3D-457C-B088-3A5042F75D52}") = "viga", "viga.pyproj", "{010BF3D4-583D-4A4D-97AA-21FC90EE726E}"
EndProject
Global
	GlobalSection(SolutionConfigurationPlatforms) = preSolution
		Debug|Any CPU = Debug|Any CPU
		Release|Any CPU = Release|Any CPU
	EndGlobalSection
	GlobalSection(ProjectConfigurationPlatforms) = postSolution
		{010BF3D4-583D-4A4D-97AA-21FC90EE726E}.Debug|Any CPU.ActiveCfg = Debug|Any CPU
		{010BF3D4-583D-4A4D-97AA-21FC90EE726E}.Release|Any CPU.ActiveCfg = Release|Any CPU
	EndGlobalSection
	GlobalSection(SolutionProperties) = preSolution
		HideSolutionNode = FALSE
	EndGlobalSection
	GlobalSection(ExtensibilityGlobals) = postSolution
		SolutionGuid = {21A597C0-0DD2-4EFA-B0D1-8946A21F9583}
	EndGlobalSection
EndGlobal
